
Microsoft Visual Studio Solution File, Format Version 12.00
# Visual Studio 2012
Project("{2150E333-8FDC-42A3-9474-1A3956D46DE8}") = "Solution Items", "Solution Items", "{7828FE70-D5F1-4265-8895-A55034FCA9C3}"
EndProject
Project("{2150E333-8FDC-42A3-9474-1A3956D46DE8}") = "Documentation", "Documentation", "{09D34B06-9C7C-4CC5-A8C2-CD6D7DDB7048}"
	ProjectSection(SolutionItems) = preProject
		Documentation\Advanced Customisation.html = Documentation\Advanced Customisation.html
		Documentation\Documentation Intro.html = Documentation\Documentation Intro.html
		Documentation\FullTextSearch.docx = Documentation\FullTextSearch.docx
		Documentation\FullTextSearch.pdf = Documentation\FullTextSearch.pdf
		Documentation\Home.html = Documentation\Home.html
		Documentation\Installation Instructions.html = Documentation\Installation Instructions.html
		Documentation\Settings and Basic Customisation.html = Documentation\Settings and Basic Customisation.html
	EndProjectSection
EndProject
Project("{FAE04EC0-301F-11D3-BF4B-00C04F79EFBC}") = "Governor.Umbraco.FullTextSearch.Console", "Governor.Umbraco.FullTextSearch.Console\Governor.Umbraco.FullTextSearch.Console.csproj", "{D14506BC-FA93-4630-B1CA-281DB377D12D}"
	ProjectSection(ProjectDependencies) = postProject
		{DD14CF76-AA65-4BE5-BABE-71DBDC30BFCE} = {DD14CF76-AA65-4BE5-BABE-71DBDC30BFCE}
	EndProjectSection
EndProject
Project("{FAE04EC0-301F-11D3-BF4B-00C04F79EFBC}") = "Governor.Umbraco.FullTextSearch.WebService", "Governor.Umbraco.FullTextSearch.WebService\Governor.Umbraco.FullTextSearch.WebService.csproj", "{DD14CF76-AA65-4BE5-BABE-71DBDC30BFCE}"
EndProject
Project("{2150E333-8FDC-42A3-9474-1A3956D46DE8}") = "BuildPackage.FullTextSearch", "BuildPackage.FullTextSearch", "{3CCD1686-2E32-4131-9CDD-81B543A81097}"
	ProjectSection(SolutionItems) = preProject
		BuildPackage.FullTextSearch\BuildPackage.cmd = BuildPackage.FullTextSearch\BuildPackage.cmd
		BuildPackage.FullTextSearch\BuildPackage.msbuild = BuildPackage.FullTextSearch\BuildPackage.msbuild
		BuildPackage.FullTextSearch\package.nuspec = BuildPackage.FullTextSearch\package.nuspec
		BuildPackage.FullTextSearch\package.xml = BuildPackage.FullTextSearch\package.xml
		BuildPackage.FullTextSearch\readme.txt = BuildPackage.FullTextSearch\readme.txt
	EndProjectSection
EndProject
Project("{2150E333-8FDC-42A3-9474-1A3956D46DE8}") = "Umbraco", "Umbraco", "{5F028D58-113B-4446-8D32-F77466724CD6}"
EndProject
Project("{2150E333-8FDC-42A3-9474-1A3956D46DE8}") = "config", "config", "{B80B30A1-4E74-45B8-AF32-266DC315A7ED}"
	ProjectSection(SolutionItems) = preProject
		BuildPackage.FullTextSearch\Umbraco\config\FullTextSearch.config = BuildPackage.FullTextSearch\Umbraco\config\FullTextSearch.config
	EndProjectSection
EndProject
Project("{2150E333-8FDC-42A3-9474-1A3956D46DE8}") = "css", "css", "{A1294B31-3AFE-4A58-B39B-568B36B6F0E3}"
	ProjectSection(SolutionItems) = preProject
		BuildPackage.FullTextSearch\Umbraco\css\FullTextSearch.css = BuildPackage.FullTextSearch\Umbraco\css\FullTextSearch.css
	EndProjectSection
EndProject
Project("{2150E333-8FDC-42A3-9474-1A3956D46DE8}") = "templates", "templates", "{4303B755-D6B2-4180-90E2-6F6AFE6ED1A4}"
	ProjectSection(SolutionItems) = preProject
		BuildPackage.FullTextSearch\Umbraco\templates\FullTextSearchPage.master = BuildPackage.FullTextSearch\Umbraco\templates\FullTextSearchPage.master
	EndProjectSection
EndProject
Project("{2150E333-8FDC-42A3-9474-1A3956D46DE8}") = "macroScripts", "macroScripts", "{DEE111E7-12A0-4FAD-BD29-76B1B8F26B36}"
	ProjectSection(SolutionItems) = preProject
		BuildPackage.FullTextSearch\Umbraco\macroScripts\FullTextSearch.cshtml = BuildPackage.FullTextSearch\Umbraco\macroScripts\FullTextSearch.cshtml
	EndProjectSection
EndProject
Project("{FAE04EC0-301F-11D3-BF4B-00C04F79EFBC}") = "Governor.Umbraco.FullTextSearch.Installer", "Governor.Umbraco.FullTextSearch.Installer\Governor.Umbraco.FullTextSearch.Installer.csproj", "{FEBAFFA7-A007-4BBE-8600-A9A5C3D62D99}"
EndProject
Project("{FAE04EC0-301F-11D3-BF4B-00C04F79EFBC}") = "Governor.Umbraco.FullTextSearch.UI", "Governor.Umbraco.FullTextSearch.UI\Governor.Umbraco.FullTextSearch.UI.csproj", "{F05C483C-6009-42E8-8AC5-AD06BA6F7807}"
EndProject
Project("{2150E333-8FDC-42A3-9474-1A3956D46DE8}") = "References", "References", "{62B26787-6BA9-42E9-B59B-626665C2EB3A}"
	ProjectSection(SolutionItems) = preProject
		References\Highlighter.Net.dll = References\Highlighter.Net.dll
		References\PackageActionsContrib.dll = References\PackageActionsContrib.dll
		References\umbraco.webservices.dll = References\umbraco.webservices.dll
	EndProjectSection
EndProject
Project("{2150E333-8FDC-42A3-9474-1A3956D46DE8}") = "BuildPackage.FullTextSearch.WebService", "BuildPackage.FullTextSearch.WebService", "{5CD3D6F2-A663-4E11-8DBA-CE7F25F2ABA0}"
	ProjectSection(SolutionItems) = preProject
		BuildPackage.FullTextSearch.WebService\BuildPackage.cmd = BuildPackage.FullTextSearch.WebService\BuildPackage.cmd
		BuildPackage.FullTextSearch.WebService\BuildPackage.msbuild = BuildPackage.FullTextSearch.WebService\BuildPackage.msbuild
		BuildPackage.FullTextSearch.WebService\package.nuspec = BuildPackage.FullTextSearch.WebService\package.nuspec
		BuildPackage.FullTextSearch.WebService\package.xml = BuildPackage.FullTextSearch.WebService\package.xml
		BuildPackage.FullTextSearch.WebService\readme.txt = BuildPackage.FullTextSearch.WebService\readme.txt
	EndProjectSection
EndProject
Project("{FAE04EC0-301F-11D3-BF4B-00C04F79EFBC}") = "Governor.Umbraco.FullTextSearch", "Governor.Umbraco.FullTextSearch\Governor.Umbraco.FullTextSearch.csproj", "{FE10CB03-1DBB-4C16-873A-915A5829C0B6}"
EndProject
Global
	GlobalSection(SolutionConfigurationPlatforms) = preSolution
		Debug|Any CPU = Debug|Any CPU
		Debug|Mixed Platforms = Debug|Mixed Platforms
		Debug|x86 = Debug|x86
		Release|Any CPU = Release|Any CPU
		Release|Mixed Platforms = Release|Mixed Platforms
		Release|x86 = Release|x86
	EndGlobalSection
	GlobalSection(ProjectConfigurationPlatforms) = postSolution
		{D14506BC-FA93-4630-B1CA-281DB377D12D}.Debug|Any CPU.ActiveCfg = Debug|x86
		{D14506BC-FA93-4630-B1CA-281DB377D12D}.Debug|Mixed Platforms.ActiveCfg = Debug|x86
		{D14506BC-FA93-4630-B1CA-281DB377D12D}.Debug|Mixed Platforms.Build.0 = Debug|x86
		{D14506BC-FA93-4630-B1CA-281DB377D12D}.Debug|x86.ActiveCfg = Debug|x86
		{D14506BC-FA93-4630-B1CA-281DB377D12D}.Debug|x86.Build.0 = Debug|x86
		{D14506BC-FA93-4630-B1CA-281DB377D12D}.Release|Any CPU.ActiveCfg = Release|x86
		{D14506BC-FA93-4630-B1CA-281DB377D12D}.Release|Mixed Platforms.ActiveCfg = Release|x86
		{D14506BC-FA93-4630-B1CA-281DB377D12D}.Release|Mixed Platforms.Build.0 = Release|x86
		{D14506BC-FA93-4630-B1CA-281DB377D12D}.Release|x86.ActiveCfg = Release|x86
		{D14506BC-FA93-4630-B1CA-281DB377D12D}.Release|x86.Build.0 = Release|x86
		{DD14CF76-AA65-4BE5-BABE-71DBDC30BFCE}.Debug|Any CPU.ActiveCfg = Debug|Any CPU
		{DD14CF76-AA65-4BE5-BABE-71DBDC30BFCE}.Debug|Any CPU.Build.0 = Debug|Any CPU
		{DD14CF76-AA65-4BE5-BABE-71DBDC30BFCE}.Debug|Mixed Platforms.ActiveCfg = Debug|Any CPU
		{DD14CF76-AA65-4BE5-BABE-71DBDC30BFCE}.Debug|Mixed Platforms.Build.0 = Debug|Any CPU
		{DD14CF76-AA65-4BE5-BABE-71DBDC30BFCE}.Debug|x86.ActiveCfg = Debug|Any CPU
		{DD14CF76-AA65-4BE5-BABE-71DBDC30BFCE}.Release|Any CPU.ActiveCfg = Release|Any CPU
		{DD14CF76-AA65-4BE5-BABE-71DBDC30BFCE}.Release|Any CPU.Build.0 = Release|Any CPU
		{DD14CF76-AA65-4BE5-BABE-71DBDC30BFCE}.Release|Mixed Platforms.ActiveCfg = Release|Any CPU
		{DD14CF76-AA65-4BE5-BABE-71DBDC30BFCE}.Release|Mixed Platforms.Build.0 = Release|Any CPU
		{DD14CF76-AA65-4BE5-BABE-71DBDC30BFCE}.Release|x86.ActiveCfg = Release|Any CPU
		{FEBAFFA7-A007-4BBE-8600-A9A5C3D62D99}.Debug|Any CPU.ActiveCfg = Debug|Any CPU
		{FEBAFFA7-A007-4BBE-8600-A9A5C3D62D99}.Debug|Any CPU.Build.0 = Debug|Any CPU
		{FEBAFFA7-A007-4BBE-8600-A9A5C3D62D99}.Debug|Mixed Platforms.ActiveCfg = Debug|Any CPU
		{FEBAFFA7-A007-4BBE-8600-A9A5C3D62D99}.Debug|Mixed Platforms.Build.0 = Debug|Any CPU
		{FEBAFFA7-A007-4BBE-8600-A9A5C3D62D99}.Debug|x86.ActiveCfg = Debug|Any CPU
		{FEBAFFA7-A007-4BBE-8600-A9A5C3D62D99}.Release|Any CPU.ActiveCfg = Release|Any CPU
		{FEBAFFA7-A007-4BBE-8600-A9A5C3D62D99}.Release|Any CPU.Build.0 = Release|Any CPU
		{FEBAFFA7-A007-4BBE-8600-A9A5C3D62D99}.Release|Mixed Platforms.ActiveCfg = Release|Any CPU
		{FEBAFFA7-A007-4BBE-8600-A9A5C3D62D99}.Release|Mixed Platforms.Build.0 = Release|Any CPU
		{FEBAFFA7-A007-4BBE-8600-A9A5C3D62D99}.Release|x86.ActiveCfg = Release|Any CPU
		{F05C483C-6009-42E8-8AC5-AD06BA6F7807}.Debug|Any CPU.ActiveCfg = Debug|Any CPU
		{F05C483C-6009-42E8-8AC5-AD06BA6F7807}.Debug|Any CPU.Build.0 = Debug|Any CPU
		{F05C483C-6009-42E8-8AC5-AD06BA6F7807}.Debug|Mixed Platforms.ActiveCfg = Debug|Any CPU
		{F05C483C-6009-42E8-8AC5-AD06BA6F7807}.Debug|Mixed Platforms.Build.0 = Debug|Any CPU
		{F05C483C-6009-42E8-8AC5-AD06BA6F7807}.Debug|x86.ActiveCfg = Debug|Any CPU
		{F05C483C-6009-42E8-8AC5-AD06BA6F7807}.Release|Any CPU.ActiveCfg = Release|Any CPU
		{F05C483C-6009-42E8-8AC5-AD06BA6F7807}.Release|Any CPU.Build.0 = Release|Any CPU
		{F05C483C-6009-42E8-8AC5-AD06BA6F7807}.Release|Mixed Platforms.ActiveCfg = Release|Any CPU
		{F05C483C-6009-42E8-8AC5-AD06BA6F7807}.Release|Mixed Platforms.Build.0 = Release|Any CPU
		{F05C483C-6009-42E8-8AC5-AD06BA6F7807}.Release|x86.ActiveCfg = Release|Any CPU
		{FE10CB03-1DBB-4C16-873A-915A5829C0B6}.Debug|Any CPU.ActiveCfg = Debug|Any CPU
		{FE10CB03-1DBB-4C16-873A-915A5829C0B6}.Debug|Any CPU.Build.0 = Debug|Any CPU
		{FE10CB03-1DBB-4C16-873A-915A5829C0B6}.Debug|Mixed Platforms.ActiveCfg = Debug|Any CPU
		{FE10CB03-1DBB-4C16-873A-915A5829C0B6}.Debug|Mixed Platforms.Build.0 = Debug|Any CPU
		{FE10CB03-1DBB-4C16-873A-915A5829C0B6}.Debug|x86.ActiveCfg = Debug|Any CPU
		{FE10CB03-1DBB-4C16-873A-915A5829C0B6}.Release|Any CPU.ActiveCfg = Release|Any CPU
		{FE10CB03-1DBB-4C16-873A-915A5829C0B6}.Release|Any CPU.Build.0 = Release|Any CPU
		{FE10CB03-1DBB-4C16-873A-915A5829C0B6}.Release|Mixed Platforms.ActiveCfg = Release|Any CPU
		{FE10CB03-1DBB-4C16-873A-915A5829C0B6}.Release|Mixed Platforms.Build.0 = Release|Any CPU
		{FE10CB03-1DBB-4C16-873A-915A5829C0B6}.Release|x86.ActiveCfg = Release|Any CPU
	EndGlobalSection
	GlobalSection(SolutionProperties) = preSolution
		HideSolutionNode = FALSE
	EndGlobalSection
	GlobalSection(NestedProjects) = preSolution
		{09D34B06-9C7C-4CC5-A8C2-CD6D7DDB7048} = {7828FE70-D5F1-4265-8895-A55034FCA9C3}
		{3CCD1686-2E32-4131-9CDD-81B543A81097} = {7828FE70-D5F1-4265-8895-A55034FCA9C3}
		{62B26787-6BA9-42E9-B59B-626665C2EB3A} = {7828FE70-D5F1-4265-8895-A55034FCA9C3}
		{5CD3D6F2-A663-4E11-8DBA-CE7F25F2ABA0} = {7828FE70-D5F1-4265-8895-A55034FCA9C3}
		{5F028D58-113B-4446-8D32-F77466724CD6} = {3CCD1686-2E32-4131-9CDD-81B543A81097}
		{B80B30A1-4E74-45B8-AF32-266DC315A7ED} = {5F028D58-113B-4446-8D32-F77466724CD6}
		{A1294B31-3AFE-4A58-B39B-568B36B6F0E3} = {5F028D58-113B-4446-8D32-F77466724CD6}
		{4303B755-D6B2-4180-90E2-6F6AFE6ED1A4} = {5F028D58-113B-4446-8D32-F77466724CD6}
		{DEE111E7-12A0-4FAD-BD29-76B1B8F26B36} = {5F028D58-113B-4446-8D32-F77466724CD6}
	EndGlobalSection
EndGlobal
