
Microsoft Visual Studio Solution File, Format Version 12.00
# Visual Studio 2012
Project("{2150E333-8FDC-42A3-9474-1A3956D46DE8}") = "Solution Items", "Solution Items", "{7828FE70-D5F1-4265-8895-A55034FCA9C3}"
	ProjectSection(SolutionItems) = preProject
		AddFilesToPackage.exe = AddFilesToPackage.exe
		nant.build = nant.build
	EndProjectSection
EndProject
Project("{2150E333-8FDC-42A3-9474-1A3956D46DE8}") = "Umbraco DLLs", "Umbraco DLLs", "{7AE0BBD9-3DB9-491B-9386-594EB2324B87}"
	ProjectSection(SolutionItems) = preProject
		Umbraco DLLs\businesslogic.dll = Umbraco DLLs\businesslogic.dll
		Umbraco DLLs\cms.dll = Umbraco DLLs\cms.dll
		Umbraco DLLs\Examine.dll = Umbraco DLLs\Examine.dll
		Umbraco DLLs\interfaces.dll = Umbraco DLLs\interfaces.dll
		Umbraco DLLs\umbraco.DataLayer.dll = Umbraco DLLs\umbraco.DataLayer.dll
		Umbraco DLLs\umbraco.dll = Umbraco DLLs\umbraco.dll
		Umbraco DLLs\umbraco.webservices.dll = Umbraco DLLs\umbraco.webservices.dll
		Umbraco DLLs\UmbracoExamine.dll = Umbraco DLLs\UmbracoExamine.dll
	EndProjectSection
EndProject
Project("{2150E333-8FDC-42A3-9474-1A3956D46DE8}") = "Other DLLs", "Other DLLs", "{9CF9218C-03DC-4391-BF5B-1613CC0396C3}"
	ProjectSection(SolutionItems) = preProject
		Other DLLs\Highlighter.Net.dll = Other DLLs\Highlighter.Net.dll
		Other DLLs\HtmlAgilityPack.dll = Other DLLs\HtmlAgilityPack.dll
		Other DLLs\Lucene.Net.dll = Other DLLs\Lucene.Net.dll
	EndProjectSection
EndProject
Project("{2150E333-8FDC-42A3-9474-1A3956D46DE8}") = "Packaging", "Packaging", "{4DEF02DE-22ED-433D-A45A-70329B3B10B5}"
	ProjectSection(SolutionItems) = preProject
		Packaging\package.xml = Packaging\package.xml
	EndProjectSection
EndProject
Project("{2150E333-8FDC-42A3-9474-1A3956D46DE8}") = "config", "config", "{05774230-752A-46A4-BA75-8A04AE20EACF}"
	ProjectSection(SolutionItems) = preProject
		Packaging\config\FullTextSearch.config = Packaging\config\FullTextSearch.config
	EndProjectSection
EndProject
Project("{2150E333-8FDC-42A3-9474-1A3956D46DE8}") = "css", "css", "{7774BA83-54B0-4F2B-91C3-44D44380CA75}"
	ProjectSection(SolutionItems) = preProject
		Packaging\css\FullTextSearch.css = Packaging\css\FullTextSearch.css
	EndProjectSection
EndProject
Project("{2150E333-8FDC-42A3-9474-1A3956D46DE8}") = "templates", "templates", "{3F195929-20A8-4659-BD40-2D0527734A40}"
	ProjectSection(SolutionItems) = preProject
		Packaging\templates\FullTextSearchPage.master = Packaging\templates\FullTextSearchPage.master
	EndProjectSection
EndProject
Project("{2150E333-8FDC-42A3-9474-1A3956D46DE8}") = "xslt", "xslt", "{95986E83-09EB-4311-9948-5F15A1936A14}"
	ProjectSection(SolutionItems) = preProject
		Packaging\xslt\FullTextSearch.xslt = Packaging\xslt\FullTextSearch.xslt
	EndProjectSection
EndProject
Project("{2150E333-8FDC-42A3-9474-1A3956D46DE8}") = "Docs", "Docs", "{09D34B06-9C7C-4CC5-A8C2-CD6D7DDB7048}"
	ProjectSection(SolutionItems) = preProject
		Docs\advanced.html = Docs\advanced.html
		Docs\install.html = Docs\install.html
		Docs\intro.html = Docs\intro.html
		Docs\settings.html = Docs\settings.html
	EndProjectSection
EndProject
Project("{FAE04EC0-301F-11D3-BF4B-00C04F79EFBC}") = "Governor.Umbraco.FullTextSearch", "Governor.Umbraco.FullTextSearch\Governor.Umbraco.FullTextSearch.csproj", "{9E624C94-25D4-4719-8937-A5EF6069FB6A}"
EndProject
Project("{FAE04EC0-301F-11D3-BF4B-00C04F79EFBC}") = "Governor.Umbraco.FullTextSearch.Console", "Governor.Umbraco.FullTextSearch.Console\Governor.Umbraco.FullTextSearch.Console.csproj", "{D14506BC-FA93-4630-B1CA-281DB377D12D}"
	ProjectSection(ProjectDependencies) = postProject
		{DD14CF76-AA65-4BE5-BABE-71DBDC30BFCE} = {DD14CF76-AA65-4BE5-BABE-71DBDC30BFCE}
		{9E624C94-25D4-4719-8937-A5EF6069FB6A} = {9E624C94-25D4-4719-8937-A5EF6069FB6A}
	EndProjectSection
EndProject
Project("{FAE04EC0-301F-11D3-BF4B-00C04F79EFBC}") = "Governor.Umbraco.FullTextSearch.WebService", "Governor.Umbraco.FullTextSearch.WebService\Governor.Umbraco.FullTextSearch.WebService.csproj", "{DD14CF76-AA65-4BE5-BABE-71DBDC30BFCE}"
EndProject
Global
	GlobalSection(SolutionConfigurationPlatforms) = preSolution
		Debug|Any CPU = Debug|Any CPU
		Debug|Mixed Platforms = Debug|Mixed Platforms
		Debug|x86 = Debug|x86
		Release|Any CPU = Release|Any CPU
		Release|Mixed Platforms = Release|Mixed Platforms
		Release|x86 = Release|x86
	EndGlobalSection
	GlobalSection(ProjectConfigurationPlatforms) = postSolution
		{9E624C94-25D4-4719-8937-A5EF6069FB6A}.Debug|Any CPU.ActiveCfg = Debug|Any CPU
		{9E624C94-25D4-4719-8937-A5EF6069FB6A}.Debug|Any CPU.Build.0 = Debug|Any CPU
		{9E624C94-25D4-4719-8937-A5EF6069FB6A}.Debug|Mixed Platforms.ActiveCfg = Debug|Any CPU
		{9E624C94-25D4-4719-8937-A5EF6069FB6A}.Debug|Mixed Platforms.Build.0 = Debug|Any CPU
		{9E624C94-25D4-4719-8937-A5EF6069FB6A}.Debug|x86.ActiveCfg = Debug|Any CPU
		{9E624C94-25D4-4719-8937-A5EF6069FB6A}.Release|Any CPU.ActiveCfg = Release|Any CPU
		{9E624C94-25D4-4719-8937-A5EF6069FB6A}.Release|Any CPU.Build.0 = Release|Any CPU
		{9E624C94-25D4-4719-8937-A5EF6069FB6A}.Release|Mixed Platforms.ActiveCfg = Release|Any CPU
		{9E624C94-25D4-4719-8937-A5EF6069FB6A}.Release|Mixed Platforms.Build.0 = Release|Any CPU
		{9E624C94-25D4-4719-8937-A5EF6069FB6A}.Release|x86.ActiveCfg = Release|Any CPU
		{D14506BC-FA93-4630-B1CA-281DB377D12D}.Debug|Any CPU.ActiveCfg = Debug|x86
		{D14506BC-FA93-4630-B1CA-281DB377D12D}.Debug|Mixed Platforms.ActiveCfg = Debug|x86
		{D14506BC-FA93-4630-B1CA-281DB377D12D}.Debug|Mixed Platforms.Build.0 = Debug|x86
		{D14506BC-FA93-4630-B1CA-281DB377D12D}.Debug|x86.ActiveCfg = Debug|x86
		{D14506BC-FA93-4630-B1CA-281DB377D12D}.Debug|x86.Build.0 = Debug|x86
		{D14506BC-FA93-4630-B1CA-281DB377D12D}.Release|Any CPU.ActiveCfg = Release|x86
		{D14506BC-FA93-4630-B1CA-281DB377D12D}.Release|Mixed Platforms.ActiveCfg = Release|x86
		{D14506BC-FA93-4630-B1CA-281DB377D12D}.Release|Mixed Platforms.Build.0 = Release|x86
		{D14506BC-FA93-4630-B1CA-281DB377D12D}.Release|x86.ActiveCfg = Release|x86
		{D14506BC-FA93-4630-B1CA-281DB377D12D}.Release|x86.Build.0 = Release|x86
		{DD14CF76-AA65-4BE5-BABE-71DBDC30BFCE}.Debug|Any CPU.ActiveCfg = Debug|Any CPU
		{DD14CF76-AA65-4BE5-BABE-71DBDC30BFCE}.Debug|Any CPU.Build.0 = Debug|Any CPU
		{DD14CF76-AA65-4BE5-BABE-71DBDC30BFCE}.Debug|Mixed Platforms.ActiveCfg = Debug|Any CPU
		{DD14CF76-AA65-4BE5-BABE-71DBDC30BFCE}.Debug|Mixed Platforms.Build.0 = Debug|Any CPU
		{DD14CF76-AA65-4BE5-BABE-71DBDC30BFCE}.Debug|x86.ActiveCfg = Debug|Any CPU
		{DD14CF76-AA65-4BE5-BABE-71DBDC30BFCE}.Release|Any CPU.ActiveCfg = Release|Any CPU
		{DD14CF76-AA65-4BE5-BABE-71DBDC30BFCE}.Release|Any CPU.Build.0 = Release|Any CPU
		{DD14CF76-AA65-4BE5-BABE-71DBDC30BFCE}.Release|Mixed Platforms.ActiveCfg = Release|Any CPU
		{DD14CF76-AA65-4BE5-BABE-71DBDC30BFCE}.Release|Mixed Platforms.Build.0 = Release|Any CPU
		{DD14CF76-AA65-4BE5-BABE-71DBDC30BFCE}.Release|x86.ActiveCfg = Release|Any CPU
	EndGlobalSection
	GlobalSection(SolutionProperties) = preSolution
		HideSolutionNode = FALSE
	EndGlobalSection
	GlobalSection(NestedProjects) = preSolution
		{7AE0BBD9-3DB9-491B-9386-594EB2324B87} = {7828FE70-D5F1-4265-8895-A55034FCA9C3}
		{9CF9218C-03DC-4391-BF5B-1613CC0396C3} = {7828FE70-D5F1-4265-8895-A55034FCA9C3}
		{4DEF02DE-22ED-433D-A45A-70329B3B10B5} = {7828FE70-D5F1-4265-8895-A55034FCA9C3}
		{09D34B06-9C7C-4CC5-A8C2-CD6D7DDB7048} = {7828FE70-D5F1-4265-8895-A55034FCA9C3}
		{05774230-752A-46A4-BA75-8A04AE20EACF} = {4DEF02DE-22ED-433D-A45A-70329B3B10B5}
		{7774BA83-54B0-4F2B-91C3-44D44380CA75} = {4DEF02DE-22ED-433D-A45A-70329B3B10B5}
		{3F195929-20A8-4659-BD40-2D0527734A40} = {4DEF02DE-22ED-433D-A45A-70329B3B10B5}
		{95986E83-09EB-4311-9948-5F15A1936A14} = {4DEF02DE-22ED-433D-A45A-70329B3B10B5}
	EndGlobalSection
EndGlobal
